%{"control": {:hex, :control, "0.0.4", "e12a150a19de6a979af149bc99c7ef2e31e7ae4cff6cbe7d4a3a8d58ecc4faf6", [:mix], []},
  "defmemo": {:hex, :defmemo, "0.1.1", "44c7efb97b5e9fa88c2ed97d926d6865c781875803d86ebefe127d29d1a0d8d7", [:mix], []},
  "poison": {:hex, :poison, "2.2.0", "4763b69a8a77bd77d26f477d196428b741261a761257ff1cf92753a0d4d24a63", [:mix], []}}
